// !$*UTF8*$!
{
	archiveVersion = 1;
	classes = {
	};
	objectVersion = 56;
	objects = {

/* Begin PBXBuildFile section */
		7A065F802A5A252900137778 /* Storage.swift in Sources */ = {isa = PBXBuildFile; fileRef = 7A065F7F2A5A252900137778 /* Storage.swift */; };
		7A57E8B82A3DC8690016310E /* MarvelDataApp.swift in Sources */ = {isa = PBXBuildFile; fileRef = 7A57E8B72A3DC8690016310E /* MarvelDataApp.swift */; };
		7A57E8BA2A3DC8690016310E /* ContentView.swift in Sources */ = {isa = PBXBuildFile; fileRef = 7A57E8B92A3DC8690016310E /* ContentView.swift */; };
		7A57E8BC2A3DC86B0016310E /* Assets.xcassets in Resources */ = {isa = PBXBuildFile; fileRef = 7A57E8BB2A3DC86B0016310E /* Assets.xcassets */; };
		7A57E8BF2A3DC86B0016310E /* Preview Assets.xcassets in Resources */ = {isa = PBXBuildFile; fileRef = 7A57E8BE2A3DC86B0016310E /* Preview Assets.xcassets */; };
		7A57E8D42A3F2B6D0016310E /* LogoImageView.swift in Sources */ = {isa = PBXBuildFile; fileRef = 7A57E8D32A3F2B6D0016310E /* LogoImageView.swift */; };
		7A57E8D62A3F2D4A0016310E /* Launch.swift in Sources */ = {isa = PBXBuildFile; fileRef = 7A57E8D52A3F2D4A0016310E /* Launch.swift */; };
		7A78DEF22A5ADA2D00507C8D /* MarvelImage.swift in Sources */ = {isa = PBXBuildFile; fileRef = 7A78DEF12A5ADA2D00507C8D /* MarvelImage.swift */; };
		7AD98CFE2A4FD6F0000191B0 /* CharactersCatalogView.swift in Sources */ = {isa = PBXBuildFile; fileRef = 7AD98CFD2A4FD6F0000191B0 /* CharactersCatalogView.swift */; };
		7AD98D002A4FD834000191B0 /* CharacterPreviewView.swift in Sources */ = {isa = PBXBuildFile; fileRef = 7AD98CFF2A4FD834000191B0 /* CharacterPreviewView.swift */; };
		7AD98D052A4FD8BC000191B0 /* CharactersCatalogViewModel.swift in Sources */ = {isa = PBXBuildFile; fileRef = 7AD98D042A4FD8BC000191B0 /* CharactersCatalogViewModel.swift */; };
		7AD98D082A4FD921000191B0 /* CharacterModel.swift in Sources */ = {isa = PBXBuildFile; fileRef = 7AD98D072A4FD921000191B0 /* CharacterModel.swift */; };
		7AD98D0B2A4FDBE0000191B0 /* CharactersDTO.swift in Sources */ = {isa = PBXBuildFile; fileRef = 7AD98D0A2A4FDBE0000191B0 /* CharactersDTO.swift */; };
		7AD98D0D2A4FE069000191B0 /* CharactersRepository.swift in Sources */ = {isa = PBXBuildFile; fileRef = 7AD98D0C2A4FE069000191B0 /* CharactersRepository.swift */; };
		7AD98D0F2A4FE782000191B0 /* ComicModel.swift in Sources */ = {isa = PBXBuildFile; fileRef = 7AD98D0E2A4FE782000191B0 /* ComicModel.swift */; };
		7AD98D142A511DB6000191B0 /* CharacterDetailView.swift in Sources */ = {isa = PBXBuildFile; fileRef = 7AD98D132A511DB6000191B0 /* CharacterDetailView.swift */; };
		7AD98D162A5125E2000191B0 /* CharacterInformationView.swift in Sources */ = {isa = PBXBuildFile; fileRef = 7AD98D152A5125E2000191B0 /* CharacterInformationView.swift */; };
		7AD98D182A527891000191B0 /* Errors.swift in Sources */ = {isa = PBXBuildFile; fileRef = 7AD98D172A527891000191B0 /* Errors.swift */; };
		7AD98D1B2A527B8A000191B0 /* Image+Data.swift in Sources */ = {isa = PBXBuildFile; fileRef = 7AD98D1A2A527B8A000191B0 /* Image+Data.swift */; };
/* End PBXBuildFile section */

/* Begin PBXFileReference section */
		7A065F7F2A5A252900137778 /* Storage.swift */ = {isa = PBXFileReference; lastKnownFileType = sourcecode.swift; path = Storage.swift; sourceTree = "<group>"; };
		7A57E8B42A3DC8680016310E /* MarvelData.app */ = {isa = PBXFileReference; explicitFileType = wrapper.application; includeInIndex = 0; path = MarvelData.app; sourceTree = BUILT_PRODUCTS_DIR; };
		7A57E8B72A3DC8690016310E /* MarvelDataApp.swift */ = {isa = PBXFileReference; lastKnownFileType = sourcecode.swift; path = MarvelDataApp.swift; sourceTree = "<group>"; };
		7A57E8B92A3DC8690016310E /* ContentView.swift */ = {isa = PBXFileReference; lastKnownFileType = sourcecode.swift; path = ContentView.swift; sourceTree = "<group>"; };
		7A57E8BB2A3DC86B0016310E /* Assets.xcassets */ = {isa = PBXFileReference; lastKnownFileType = folder.assetcatalog; path = Assets.xcassets; sourceTree = "<group>"; };
		7A57E8BE2A3DC86B0016310E /* Preview Assets.xcassets */ = {isa = PBXFileReference; lastKnownFileType = folder.assetcatalog; path = "Preview Assets.xcassets"; sourceTree = "<group>"; };
		7A57E8D32A3F2B6D0016310E /* LogoImageView.swift */ = {isa = PBXFileReference; lastKnownFileType = sourcecode.swift; path = LogoImageView.swift; sourceTree = "<group>"; };
		7A57E8D52A3F2D4A0016310E /* Launch.swift */ = {isa = PBXFileReference; lastKnownFileType = sourcecode.swift; path = Launch.swift; sourceTree = "<group>"; };
		7A78DEF12A5ADA2D00507C8D /* MarvelImage.swift */ = {isa = PBXFileReference; lastKnownFileType = sourcecode.swift; path = MarvelImage.swift; sourceTree = "<group>"; };
		7AD98CFD2A4FD6F0000191B0 /* CharactersCatalogView.swift */ = {isa = PBXFileReference; lastKnownFileType = sourcecode.swift; path = CharactersCatalogView.swift; sourceTree = "<group>"; };
		7AD98CFF2A4FD834000191B0 /* CharacterPreviewView.swift */ = {isa = PBXFileReference; lastKnownFileType = sourcecode.swift; path = CharacterPreviewView.swift; sourceTree = "<group>"; };
		7AD98D042A4FD8BC000191B0 /* CharactersCatalogViewModel.swift */ = {isa = PBXFileReference; lastKnownFileType = sourcecode.swift; path = CharactersCatalogViewModel.swift; sourceTree = "<group>"; };
		7AD98D072A4FD921000191B0 /* CharacterModel.swift */ = {isa = PBXFileReference; lastKnownFileType = sourcecode.swift; path = CharacterModel.swift; sourceTree = "<group>"; };
		7AD98D0A2A4FDBE0000191B0 /* CharactersDTO.swift */ = {isa = PBXFileReference; lastKnownFileType = sourcecode.swift; path = CharactersDTO.swift; sourceTree = "<group>"; };
		7AD98D0C2A4FE069000191B0 /* CharactersRepository.swift */ = {isa = PBXFileReference; lastKnownFileType = sourcecode.swift; path = CharactersRepository.swift; sourceTree = "<group>"; };
		7AD98D0E2A4FE782000191B0 /* ComicModel.swift */ = {isa = PBXFileReference; lastKnownFileType = sourcecode.swift; path = ComicModel.swift; sourceTree = "<group>"; };
		7AD98D102A510B46000191B0 /* Info.plist */ = {isa = PBXFileReference; lastKnownFileType = text.plist; path = Info.plist; sourceTree = "<group>"; };
		7AD98D132A511DB6000191B0 /* CharacterDetailView.swift */ = {isa = PBXFileReference; lastKnownFileType = sourcecode.swift; path = CharacterDetailView.swift; sourceTree = "<group>"; };
		7AD98D152A5125E2000191B0 /* CharacterInformationView.swift */ = {isa = PBXFileReference; lastKnownFileType = sourcecode.swift; path = CharacterInformationView.swift; sourceTree = "<group>"; };
		7AD98D172A527891000191B0 /* Errors.swift */ = {isa = PBXFileReference; lastKnownFileType = sourcecode.swift; path = Errors.swift; sourceTree = "<group>"; };
		7AD98D1A2A527B8A000191B0 /* Image+Data.swift */ = {isa = PBXFileReference; lastKnownFileType = sourcecode.swift; path = "Image+Data.swift"; sourceTree = "<group>"; };
/* End PBXFileReference section */

/* Begin PBXFrameworksBuildPhase section */
		7A57E8B12A3DC8680016310E /* Frameworks */ = {
			isa = PBXFrameworksBuildPhase;
			buildActionMask = 2147483647;
			files = (
			);
			runOnlyForDeploymentPostprocessing = 0;
		};
/* End PBXFrameworksBuildPhase section */

/* Begin PBXGroup section */
		7A065F7E2A5A251E00137778 /* Repository */ = {
			isa = PBXGroup;
			children = (
				7A065F7F2A5A252900137778 /* Storage.swift */,
			);
			path = Repository;
			sourceTree = "<group>";
		};
		7A57E8AB2A3DC8680016310E = {
			isa = PBXGroup;
			children = (
				7A57E8B62A3DC8690016310E /* MarvelData */,
				7A57E8B52A3DC8680016310E /* Products */,
			);
			sourceTree = "<group>";
		};
		7A57E8B52A3DC8680016310E /* Products */ = {
			isa = PBXGroup;
			children = (
				7A57E8B42A3DC8680016310E /* MarvelData.app */,
			);
			name = Products;
			sourceTree = "<group>";
		};
		7A57E8B62A3DC8690016310E /* MarvelData */ = {
			isa = PBXGroup;
			children = (
				7AD98D102A510B46000191B0 /* Info.plist */,
				7A57E8D02A3F2B330016310E /* Common */,
				7A57E8C52A3DC8A90016310E /* Scene */,
				7A57E8B72A3DC8690016310E /* MarvelDataApp.swift */,
				7A57E8B92A3DC8690016310E /* ContentView.swift */,
				7A57E8BB2A3DC86B0016310E /* Assets.xcassets */,
				7A57E8BD2A3DC86B0016310E /* Preview Content */,
			);
			path = MarvelData;
			sourceTree = "<group>";
		};
		7A57E8BD2A3DC86B0016310E /* Preview Content */ = {
			isa = PBXGroup;
			children = (
				7A57E8BE2A3DC86B0016310E /* Preview Assets.xcassets */,
			);
			path = "Preview Content";
			sourceTree = "<group>";
		};
		7A57E8C52A3DC8A90016310E /* Scene */ = {
			isa = PBXGroup;
			children = (
				7AD98D112A511D97000191B0 /* CharacterDetail */,
				7AD98CFC2A4FD6C6000191B0 /* CharactersCatalog */,
				7A57E8CF2A3F2B1B0016310E /* LaunchScren */,
				7A57E8CA2A3DC8F10016310E /* Onboarding */,
			);
			path = Scene;
			sourceTree = "<group>";
		};
		7A57E8CA2A3DC8F10016310E /* Onboarding */ = {
			isa = PBXGroup;
			children = (
				7A57E8CE2A3DC9330016310E /* Repository */,
				7A57E8CD2A3DC9200016310E /* Model */,
				7A57E8CC2A3DC9100016310E /* ViewModel */,
				7A57E8CB2A3DC9000016310E /* View */,
			);
			path = Onboarding;
			sourceTree = "<group>";
		};
		7A57E8CB2A3DC9000016310E /* View */ = {
			isa = PBXGroup;
			children = (
			);
			path = View;
			sourceTree = "<group>";
		};
		7A57E8CC2A3DC9100016310E /* ViewModel */ = {
			isa = PBXGroup;
			children = (
			);
			path = ViewModel;
			sourceTree = "<group>";
		};
		7A57E8CD2A3DC9200016310E /* Model */ = {
			isa = PBXGroup;
			children = (
			);
			path = Model;
			sourceTree = "<group>";
		};
		7A57E8CE2A3DC9330016310E /* Repository */ = {
			isa = PBXGroup;
			children = (
			);
			path = Repository;
			sourceTree = "<group>";
		};
		7A57E8CF2A3F2B1B0016310E /* LaunchScren */ = {
			isa = PBXGroup;
			children = (
				7A57E8D52A3F2D4A0016310E /* Launch.swift */,
			);
			path = LaunchScren;
			sourceTree = "<group>";
		};
		7A57E8D02A3F2B330016310E /* Common */ = {
			isa = PBXGroup;
			children = (
				7A065F7E2A5A251E00137778 /* Repository */,
				7AD98D192A527B7B000191B0 /* Extension */,
				7A57E8D12A3F2B4E0016310E /* UI */,
				7AD98D172A527891000191B0 /* Errors.swift */,
			);
			path = Common;
			sourceTree = "<group>";
		};
		7A57E8D12A3F2B4E0016310E /* UI */ = {
			isa = PBXGroup;
			children = (
				7A57E8D22A3F2B530016310E /* View */,
			);
			path = UI;
			sourceTree = "<group>";
		};
		7A57E8D22A3F2B530016310E /* View */ = {
			isa = PBXGroup;
			children = (
				7A57E8D32A3F2B6D0016310E /* LogoImageView.swift */,
			);
			path = View;
			sourceTree = "<group>";
		};
		7AD98CFC2A4FD6C6000191B0 /* CharactersCatalog */ = {
			isa = PBXGroup;
			children = (
				7AD98D092A4FDBBD000191B0 /* Repository */,
				7AD98D022A4FD89C000191B0 /* Model */,
				7AD98D032A4FD8A3000191B0 /* ViewModel */,
				7AD98D012A4FD87A000191B0 /* View */,
			);
			path = CharactersCatalog;
			sourceTree = "<group>";
		};
		7AD98D012A4FD87A000191B0 /* View */ = {
			isa = PBXGroup;
			children = (
				7AD98CFD2A4FD6F0000191B0 /* CharactersCatalogView.swift */,
				7AD98CFF2A4FD834000191B0 /* CharacterPreviewView.swift */,
			);
			path = View;
			sourceTree = "<group>";
		};
		7AD98D022A4FD89C000191B0 /* Model */ = {
			isa = PBXGroup;
			children = (
				7AD98D072A4FD921000191B0 /* CharacterModel.swift */,
				7AD98D0E2A4FE782000191B0 /* ComicModel.swift */,
				7A78DEF12A5ADA2D00507C8D /* MarvelImage.swift */,
			);
			path = Model;
			sourceTree = "<group>";
		};
		7AD98D032A4FD8A3000191B0 /* ViewModel */ = {
			isa = PBXGroup;
			children = (
				7AD98D042A4FD8BC000191B0 /* CharactersCatalogViewModel.swift */,
			);
			path = ViewModel;
			sourceTree = "<group>";
		};
		7AD98D092A4FDBBD000191B0 /* Repository */ = {
			isa = PBXGroup;
			children = (
				7AD98D0A2A4FDBE0000191B0 /* CharactersDTO.swift */,
				7AD98D0C2A4FE069000191B0 /* CharactersRepository.swift */,
			);
			path = Repository;
			sourceTree = "<group>";
		};
		7AD98D112A511D97000191B0 /* CharacterDetail */ = {
			isa = PBXGroup;
			children = (
				7AD98D122A511DA6000191B0 /* View */,
			);
			path = CharacterDetail;
			sourceTree = "<group>";
		};
		7AD98D122A511DA6000191B0 /* View */ = {
			isa = PBXGroup;
			children = (
				7AD98D132A511DB6000191B0 /* CharacterDetailView.swift */,
				7AD98D152A5125E2000191B0 /* CharacterInformationView.swift */,
			);
			path = View;
			sourceTree = "<group>";
		};
		7AD98D192A527B7B000191B0 /* Extension */ = {
			isa = PBXGroup;
			children = (
				7AD98D1A2A527B8A000191B0 /* Image+Data.swift */,
			);
			path = Extension;
			sourceTree = "<group>";
		};
/* End PBXGroup section */

/* Begin PBXNativeTarget section */
		7A57E8B32A3DC8680016310E /* MarvelData */ = {
			isa = PBXNativeTarget;
			buildConfigurationList = 7A57E8C22A3DC86B0016310E /* Build configuration list for PBXNativeTarget "MarvelData" */;
			buildPhases = (
				7A57E8B02A3DC8680016310E /* Sources */,
				7A57E8B12A3DC8680016310E /* Frameworks */,
				7A57E8B22A3DC8680016310E /* Resources */,
			);
			buildRules = (
			);
			dependencies = (
			);
			name = MarvelData;
			productName = MarvelData;
			productReference = 7A57E8B42A3DC8680016310E /* MarvelData.app */;
			productType = "com.apple.product-type.application";
		};
/* End PBXNativeTarget section */

/* Begin PBXProject section */
		7A57E8AC2A3DC8680016310E /* Project object */ = {
			isa = PBXProject;
			attributes = {
				BuildIndependentTargetsInParallel = 1;
				LastSwiftUpdateCheck = 1500;
				LastUpgradeCheck = 1500;
				TargetAttributes = {
					7A57E8B32A3DC8680016310E = {
						CreatedOnToolsVersion = 15.0;
					};
				};
			};
			buildConfigurationList = 7A57E8AF2A3DC8680016310E /* Build configuration list for PBXProject "MarvelData" */;
			compatibilityVersion = "Xcode 14.0";
			developmentRegion = en;
			hasScannedForEncodings = 0;
			knownRegions = (
				en,
				Base,
			);
			mainGroup = 7A57E8AB2A3DC8680016310E;
			productRefGroup = 7A57E8B52A3DC8680016310E /* Products */;
			projectDirPath = "";
			projectRoot = "";
			targets = (
				7A57E8B32A3DC8680016310E /* MarvelData */,
			);
		};
/* End PBXProject section */

/* Begin PBXResourcesBuildPhase section */
		7A57E8B22A3DC8680016310E /* Resources */ = {
			isa = PBXResourcesBuildPhase;
			buildActionMask = 2147483647;
			files = (
				7A57E8BF2A3DC86B0016310E /* Preview Assets.xcassets in Resources */,
				7A57E8BC2A3DC86B0016310E /* Assets.xcassets in Resources */,
			);
			runOnlyForDeploymentPostprocessing = 0;
		};
/* End PBXResourcesBuildPhase section */

/* Begin PBXSourcesBuildPhase section */
		7A57E8B02A3DC8680016310E /* Sources */ = {
			isa = PBXSourcesBuildPhase;
			buildActionMask = 2147483647;
			files = (
				7AD98CFE2A4FD6F0000191B0 /* CharactersCatalogView.swift in Sources */,
				7AD98D162A5125E2000191B0 /* CharacterInformationView.swift in Sources */,
				7AD98D0D2A4FE069000191B0 /* CharactersRepository.swift in Sources */,
				7A57E8D42A3F2B6D0016310E /* LogoImageView.swift in Sources */,
				7AD98D142A511DB6000191B0 /* CharacterDetailView.swift in Sources */,
				7A065F802A5A252900137778 /* Storage.swift in Sources */,
				7AD98D052A4FD8BC000191B0 /* CharactersCatalogViewModel.swift in Sources */,
				7AD98D182A527891000191B0 /* Errors.swift in Sources */,
				7A78DEF22A5ADA2D00507C8D /* MarvelImage.swift in Sources */,
				7AD98D0F2A4FE782000191B0 /* ComicModel.swift in Sources */,
				7AD98D002A4FD834000191B0 /* CharacterPreviewView.swift in Sources */,
				7A57E8BA2A3DC8690016310E /* ContentView.swift in Sources */,
				7A57E8D62A3F2D4A0016310E /* Launch.swift in Sources */,
				7A57E8B82A3DC8690016310E /* MarvelDataApp.swift in Sources */,
				7AD98D1B2A527B8A000191B0 /* Image+Data.swift in Sources */,
				7AD98D0B2A4FDBE0000191B0 /* CharactersDTO.swift in Sources */,
				7AD98D082A4FD921000191B0 /* CharacterModel.swift in Sources */,
			);
			runOnlyForDeploymentPostprocessing = 0;
		};
/* End PBXSourcesBuildPhase section */

/* Begin XCBuildConfiguration section */
		7A57E8C02A3DC86B0016310E /* Debug */ = {
			isa = XCBuildConfiguration;
			buildSettings = {
				ALWAYS_SEARCH_USER_PATHS = NO;
				ASSETCATALOG_COMPILER_GENERATE_SWIFT_ASSET_SYMBOL_EXTENSIONS = YES;
				CLANG_ANALYZER_NONNULL = YES;
				CLANG_ANALYZER_NUMBER_OBJECT_CONVERSION = YES_AGGRESSIVE;
				CLANG_CXX_LANGUAGE_STANDARD = "gnu++20";
				CLANG_ENABLE_MODULES = YES;
				CLANG_ENABLE_OBJC_ARC = YES;
				CLANG_ENABLE_OBJC_WEAK = YES;
				CLANG_WARN_BLOCK_CAPTURE_AUTORELEASING = YES;
				CLANG_WARN_BOOL_CONVERSION = YES;
				CLANG_WARN_COMMA = YES;
				CLANG_WARN_CONSTANT_CONVERSION = YES;
				CLANG_WARN_DEPRECATED_OBJC_IMPLEMENTATIONS = YES;
				CLANG_WARN_DIRECT_OBJC_ISA_USAGE = YES_ERROR;
				CLANG_WARN_DOCUMENTATION_COMMENTS = YES;
				CLANG_WARN_EMPTY_BODY = YES;
				CLANG_WARN_ENUM_CONVERSION = YES;
				CLANG_WARN_INFINITE_RECURSION = YES;
				CLANG_WARN_INT_CONVERSION = YES;
				CLANG_WARN_NON_LITERAL_NULL_CONVERSION = YES;
				CLANG_WARN_OBJC_IMPLICIT_RETAIN_SELF = YES;
				CLANG_WARN_OBJC_LITERAL_CONVERSION = YES;
				CLANG_WARN_OBJC_ROOT_CLASS = YES_ERROR;
				CLANG_WARN_QUOTED_INCLUDE_IN_FRAMEWORK_HEADER = YES;
				CLANG_WARN_RANGE_LOOP_ANALYSIS = YES;
				CLANG_WARN_STRICT_PROTOTYPES = YES;
				CLANG_WARN_SUSPICIOUS_MOVE = YES;
				CLANG_WARN_UNGUARDED_AVAILABILITY = YES_AGGRESSIVE;
				CLANG_WARN_UNREACHABLE_CODE = YES;
				CLANG_WARN__DUPLICATE_METHOD_MATCH = YES;
				COPY_PHASE_STRIP = NO;
				DEBUG_INFORMATION_FORMAT = dwarf;
				ENABLE_STRICT_OBJC_MSGSEND = YES;
				ENABLE_TESTABILITY = YES;
				ENABLE_USER_SCRIPT_SANDBOXING = YES;
				GCC_C_LANGUAGE_STANDARD = gnu17;
				GCC_DYNAMIC_NO_PIC = NO;
				GCC_NO_COMMON_BLOCKS = YES;
				GCC_OPTIMIZATION_LEVEL = 0;
				GCC_PREPROCESSOR_DEFINITIONS = (
					"DEBUG=1",
					"$(inherited)",
				);
				GCC_WARN_64_TO_32_BIT_CONVERSION = YES;
				GCC_WARN_ABOUT_RETURN_TYPE = YES_ERROR;
				GCC_WARN_UNDECLARED_SELECTOR = YES;
				GCC_WARN_UNINITIALIZED_AUTOS = YES_AGGRESSIVE;
				GCC_WARN_UNUSED_FUNCTION = YES;
				GCC_WARN_UNUSED_VARIABLE = YES;
				IPHONEOS_DEPLOYMENT_TARGET = 17.0;
				LOCALIZATION_PREFERS_STRING_CATALOGS = YES;
				MTL_ENABLE_DEBUG_INFO = INCLUDE_SOURCE;
				MTL_FAST_MATH = YES;
				ONLY_ACTIVE_ARCH = YES;
				SDKROOT = iphoneos;
				SWIFT_ACTIVE_COMPILATION_CONDITIONS = "DEBUG $(inherited)";
				SWIFT_OPTIMIZATION_LEVEL = "-Onone";
			};
			name = Debug;
		};
		7A57E8C12A3DC86B0016310E /* Release */ = {
			isa = XCBuildConfiguration;
			buildSettings = {
				ALWAYS_SEARCH_USER_PATHS = NO;
				ASSETCATALOG_COMPILER_GENERATE_SWIFT_ASSET_SYMBOL_EXTENSIONS = YES;
				CLANG_ANALYZER_NONNULL = YES;
				CLANG_ANALYZER_NUMBER_OBJECT_CONVERSION = YES_AGGRESSIVE;
				CLANG_CXX_LANGUAGE_STANDARD = "gnu++20";
				CLANG_ENABLE_MODULES = YES;
				CLANG_ENABLE_OBJC_ARC = YES;
				CLANG_ENABLE_OBJC_WEAK = YES;
				CLANG_WARN_BLOCK_CAPTURE_AUTORELEASING = YES;
				CLANG_WARN_BOOL_CONVERSION = YES;
				CLANG_WARN_COMMA = YES;
				CLANG_WARN_CONSTANT_CONVERSION = YES;
				CLANG_WARN_DEPRECATED_OBJC_IMPLEMENTATIONS = YES;
				CLANG_WARN_DIRECT_OBJC_ISA_USAGE = YES_ERROR;
				CLANG_WARN_DOCUMENTATION_COMMENTS = YES;
				CLANG_WARN_EMPTY_BODY = YES;
				CLANG_WARN_ENUM_CONVERSION = YES;
				CLANG_WARN_INFINITE_RECURSION = YES;
				CLANG_WARN_INT_CONVERSION = YES;
				CLANG_WARN_NON_LITERAL_NULL_CONVERSION = YES;
				CLANG_WARN_OBJC_IMPLICIT_RETAIN_SELF = YES;
				CLANG_WARN_OBJC_LITERAL_CONVERSION = YES;
				CLANG_WARN_OBJC_ROOT_CLASS = YES_ERROR;
				CLANG_WARN_QUOTED_INCLUDE_IN_FRAMEWORK_HEADER = YES;
				CLANG_WARN_RANGE_LOOP_ANALYSIS = YES;
				CLANG_WARN_STRICT_PROTOTYPES = YES;
				CLANG_WARN_SUSPICIOUS_MOVE = YES;
				CLANG_WARN_UNGUARDED_AVAILABILITY = YES_AGGRESSIVE;
				CLANG_WARN_UNREACHABLE_CODE = YES;
				CLANG_WARN__DUPLICATE_METHOD_MATCH = YES;
				COPY_PHASE_STRIP = NO;
				DEBUG_INFORMATION_FORMAT = "dwarf-with-dsym";
				ENABLE_NS_ASSERTIONS = NO;
				ENABLE_STRICT_OBJC_MSGSEND = YES;
				ENABLE_USER_SCRIPT_SANDBOXING = YES;
				GCC_C_LANGUAGE_STANDARD = gnu17;
				GCC_NO_COMMON_BLOCKS = YES;
				GCC_WARN_64_TO_32_BIT_CONVERSION = YES;
				GCC_WARN_ABOUT_RETURN_TYPE = YES_ERROR;
				GCC_WARN_UNDECLARED_SELECTOR = YES;
				GCC_WARN_UNINITIALIZED_AUTOS = YES_AGGRESSIVE;
				GCC_WARN_UNUSED_FUNCTION = YES;
				GCC_WARN_UNUSED_VARIABLE = YES;
				IPHONEOS_DEPLOYMENT_TARGET = 17.0;
				LOCALIZATION_PREFERS_STRING_CATALOGS = YES;
				MTL_ENABLE_DEBUG_INFO = NO;
				MTL_FAST_MATH = YES;
				SDKROOT = iphoneos;
				SWIFT_COMPILATION_MODE = wholemodule;
				VALIDATE_PRODUCT = YES;
			};
			name = Release;
		};
		7A57E8C32A3DC86B0016310E /* Debug */ = {
			isa = XCBuildConfiguration;
			buildSettings = {
				ASSETCATALOG_COMPILER_APPICON_NAME = AppIcon;
				ASSETCATALOG_COMPILER_GLOBAL_ACCENT_COLOR_NAME = AccentColor;
				CODE_SIGN_STYLE = Automatic;
				CURRENT_PROJECT_VERSION = 1;
				DEVELOPMENT_ASSET_PATHS = "\"MarvelData/Preview Content\"";
				ENABLE_PREVIEWS = YES;
				GENERATE_INFOPLIST_FILE = YES;
				INFOPLIST_FILE = MarvelData/Info.plist;
				INFOPLIST_KEY_LSApplicationCategoryType = "";
				INFOPLIST_KEY_UIApplicationSceneManifest_Generation = YES;
				INFOPLIST_KEY_UIApplicationSupportsIndirectInputEvents = YES;
				INFOPLIST_KEY_UILaunchScreen_Generation = YES;
				INFOPLIST_KEY_UILaunchStoryboardName = "";
				INFOPLIST_KEY_UISupportedInterfaceOrientations = UIInterfaceOrientationPortrait;
				INFOPLIST_KEY_UISupportedInterfaceOrientations_iPad = "UIInterfaceOrientationLandscapeLeft UIInterfaceOrientationLandscapeRight UIInterfaceOrientationPortrait UIInterfaceOrientationPortraitUpsideDown";
				IPHONEOS_DEPLOYMENT_TARGET = 17.0;
				LD_RUNPATH_SEARCH_PATHS = (
					"$(inherited)",
					"@executable_path/Frameworks",
				);
				MARKETING_VERSION = 1.0;
				PRODUCT_BUNDLE_IDENTIFIER = com.gg.MarvelData;
				PRODUCT_NAME = "$(TARGET_NAME)";
				SWIFT_EMIT_LOC_STRINGS = YES;
				SWIFT_VERSION = 5.0;
				TARGETED_DEVICE_FAMILY = "1,2";
			};
			name = Debug;
		};
		7A57E8C42A3DC86B0016310E /* Release */ = {
			isa = XCBuildConfiguration;
			buildSettings = {
				ASSETCATALOG_COMPILER_APPICON_NAME = AppIcon;
				ASSETCATALOG_COMPILER_GLOBAL_ACCENT_COLOR_NAME = AccentColor;
				CODE_SIGN_STYLE = Automatic;
				CURRENT_PROJECT_VERSION = 1;
				DEVELOPMENT_ASSET_PATHS = "\"MarvelData/Preview Content\"";
				ENABLE_PREVIEWS = YES;
				GENERATE_INFOPLIST_FILE = YES;
				INFOPLIST_FILE = MarvelData/Info.plist;
				INFOPLIST_KEY_LSApplicationCategoryType = "";
				INFOPLIST_KEY_UIApplicationSceneManifest_Generation = YES;
				INFOPLIST_KEY_UIApplicationSupportsIndirectInputEvents = YES;
				INFOPLIST_KEY_UILaunchScreen_Generation = YES;
				INFOPLIST_KEY_UILaunchStoryboardName = "";
				INFOPLIST_KEY_UISupportedInterfaceOrientations = UIInterfaceOrientationPortrait;
				INFOPLIST_KEY_UISupportedInterfaceOrientations_iPad = "UIInterfaceOrientationLandscapeLeft UIInterfaceOrientationLandscapeRight UIInterfaceOrientationPortrait UIInterfaceOrientationPortraitUpsideDown";
				IPHONEOS_DEPLOYMENT_TARGET = 17.0;
				LD_RUNPATH_SEARCH_PATHS = (
					"$(inherited)",
					"@executable_path/Frameworks",
				);
				MARKETING_VERSION = 1.0;
				PRODUCT_BUNDLE_IDENTIFIER = com.gg.MarvelData;
				PRODUCT_NAME = "$(TARGET_NAME)";
				SWIFT_EMIT_LOC_STRINGS = YES;
				SWIFT_VERSION = 5.0;
				TARGETED_DEVICE_FAMILY = "1,2";
			};
			name = Release;
		};
/* End XCBuildConfiguration section */

/* Begin XCConfigurationList section */
		7A57E8AF2A3DC8680016310E /* Build configuration list for PBXProject "MarvelData" */ = {
			isa = XCConfigurationList;
			buildConfigurations = (
				7A57E8C02A3DC86B0016310E /* Debug */,
				7A57E8C12A3DC86B0016310E /* Release */,
			);
			defaultConfigurationIsVisible = 0;
			defaultConfigurationName = Release;
		};
		7A57E8C22A3DC86B0016310E /* Build configuration list for PBXNativeTarget "MarvelData" */ = {
			isa = XCConfigurationList;
			buildConfigurations = (
				7A57E8C32A3DC86B0016310E /* Debug */,
				7A57E8C42A3DC86B0016310E /* Release */,
			);
			defaultConfigurationIsVisible = 0;
			defaultConfigurationName = Release;
		};
/* End XCConfigurationList section */
	};
	rootObject = 7A57E8AC2A3DC8680016310E /* Project object */;
}
